
Microsoft Visual Studio Solution File, Format Version 12.00
# Visual Studio 15
VisualStudioVersion = 15.0.26124.0
MinimumVisualStudioVersion = 15.0.26124.0
Project("{2150E333-8FDC-42A3-9474-1A3956D46DE8}") = "FPF", "FPF", "{01986EB1-3128-5838-B09A-7754A44C22CE}"
EndProject
Project("{FAE04EC0-301F-11D3-BF4B-00C04F79EFBC}") = "WindowsBase", "src\FPF\WindowsBase\WindowsBase.csproj", "{522016EE-7098-5C37-844E-297AEDDEE1B4}"
EndProject
Project("{FAE04EC0-301F-11D3-BF4B-00C04F79EFBC}") = "UIAutomationProvider", "src\FPF\UIAutomationProvider\UIAutomationProvider.csproj", "{A1D6A6EC-B9A2-518C-8358-298CD775D2B5}"
EndProject
Project("{FAE04EC0-301F-11D3-BF4B-00C04F79EFBC}") = "UIAutomationTypes", "src\FPF\UIAutomationTypes\UIAutomationTypes.csproj", "{AE3666FC-31FA-5EBF-8ED5-0CEF50186B67}"
EndProject
Project("{FAE04EC0-301F-11D3-BF4B-00C04F79EFBC}") = "PresentationCore", "src\FPF\PresentationCore\PresentationCore.csproj", "{0E73055E-9DCB-554A-935B-60C223D82B83}"
EndProject
Project("{FAE04EC0-301F-11D3-BF4B-00C04F79EFBC}") = "PresentationFramework", "src\FPF\PresentationFramework\PresentationFramework.csproj", "{1C53C421-EAB4-5104-BEA1-164D09E40C54}"
EndProject
Project("{FAE04EC0-301F-11D3-BF4B-00C04F79EFBC}") = "UIAutomationClient", "src\FPF\UIAutomationClient\UIAutomationClient.csproj", "{F26AC124-3EB5-5DA2-AE13-51904AFBFB70}"
EndProject
Project("{2150E333-8FDC-42A3-9474-1A3956D46DE8}") = "Shared", "Shared", "{B525706C-3E93-5FB8-A585-26B448C5AAFE}"
EndProject
Project("{FAE04EC0-301F-11D3-BF4B-00C04F79EFBC}") = "CoreUtility", "src\Editor\Core\Def\CoreUtility.csproj", "{079AB40D-EBFB-556E-AC42-1FE65D0E0327}"
EndProject
Project("{FAE04EC0-301F-11D3-BF4B-00C04F79EFBC}") = "TextData", "src\Editor\Text\Def\TextData\TextData.csproj", "{58999311-75E2-5099-856C-CAEE5CD13240}"
EndProject
Project("{FAE04EC0-301F-11D3-BF4B-00C04F79EFBC}") = "TextLogic", "src\Editor\Text\Def\TextLogic\TextLogic.csproj", "{43DA95BB-5CAE-5E28-8DE1-64CB45E4396C}"
EndProject
Project("{FAE04EC0-301F-11D3-BF4B-00C04F79EFBC}") = "TextUI", "src\Editor\Text\Def\TextUI\TextUI.csproj", "{4A320450-5D4A-552B-9D33-4BB1FF841D95}"
EndProject
Project("{FAE04EC0-301F-11D3-BF4B-00C04F79EFBC}") = "TextUIWpf", "src\Editor\Text\Def\TextUIWpf\TextUIWpf.csproj", "{930FF802-57C2-519E-B2B3-C68CF7B8672E}"
EndProject
Project("{FAE04EC0-301F-11D3-BF4B-00C04F79EFBC}") = "LanguageDef", "src\Editor\Language\Def\Language\LanguageDef.csproj", "{F837FA63-028D-5780-8459-B9B92894B9EA}"
EndProject
Project("{FAE04EC0-301F-11D3-BF4B-00C04F79EFBC}") = "IntellisenseDef", "src\Editor\Language\Def\Intellisense\IntellisenseDef.csproj", "{6308AAB7-9DF7-5C7B-8FF5-AA25FDFA642C}"
EndProject
Project("{FAE04EC0-301F-11D3-BF4B-00C04F79EFBC}") = "StandardClassification", "src\Editor\Language\Def\StandardClassification\StandardClassification.csproj", "{9A603430-A2C1-5599-AECB-1E1A5C229DFE}"
EndProject
Project("{FAE04EC0-301F-11D3-BF4B-00C04F79EFBC}") = "Internal", "src\Editor\Text\Def\Internal\Internal.csproj", "{B5F433E1-F4DB-5EBC-8CB7-E3F39E6628C4}"
EndProject
Project("{FAE04EC0-301F-11D3-BF4B-00C04F79EFBC}") = "TextDataUtil", "src\Editor\Text\Util\TextDataUtil\TextDataUtil.csproj", "{2A67004F-832D-5D47-AA7D-26D1548EBB88}"
EndProject
Project("{FAE04EC0-301F-11D3-BF4B-00C04F79EFBC}") = "TextUIUtil", "src\Editor\Text\Util\TextUIUtil\TextUIUtil.csproj", "{B2040CA1-C6E3-5D44-89A2-6C1BE936184D}"
EndProject
Project("{FAE04EC0-301F-11D3-BF4B-00C04F79EFBC}") = "CoreUtilityImpl", "src\Editor\Core\Impl\CoreUtilityImpl.csproj", "{34D4D478-647E-509E-9B2F-7E11FAE15C73}"
EndProject
Project("{FAE04EC0-301F-11D3-BF4B-00C04F79EFBC}") = "TextLogicUtil", "src\Editor\Text\Util\TextLogicUtil\TextLogicUtil.csproj", "{4F556838-7D8A-542A-A886-3AF972665C3A}"
EndProject
Project("{FAE04EC0-301F-11D3-BF4B-00C04F79EFBC}") = "BraceCompletionImpl", "src\Editor\Text\Impl\BraceCompletion\BraceCompletionImpl.csproj", "{E6518A68-6309-5458-8E15-B65A391CE8A8}"
EndProject
Project("{FAE04EC0-301F-11D3-BF4B-00C04F79EFBC}") = "TextBufferUndoManagerImpl", "src\Editor\Text\Impl\TextBufferUndoManager\TextBufferUndoManagerImpl.csproj", "{D559AC50-50B5-5C97-8F18-CA5581B16266}"
EndProject
Project("{FAE04EC0-301F-11D3-BF4B-00C04F79EFBC}") = "TextSearchImpl", "src\Editor\Text\Impl\TextSearch\TextSearchImpl.csproj", "{B1374407-B888-5E5C-8413-79E4F3440D61}"
EndProject
Project("{FAE04EC0-301F-11D3-BF4B-00C04F79EFBC}") = "ClassificationAggregatorImpl", "src\Editor\Text\Impl\ClassificationAggregator\ClassificationAggregatorImpl.csproj", "{9BF90695-9B58-5D2F-96DD-57B0C43B2D5D}"
EndProject
Project("{FAE04EC0-301F-11D3-BF4B-00C04F79EFBC}") = "TagAggregatorImpl", "src\Editor\Text\Impl\TagAggregator\TagAggregatorImpl.csproj", "{47D4821C-121E-5886-8127-A13580FE508C}"
EndProject
Project("{FAE04EC0-301F-11D3-BF4B-00C04F79EFBC}") = "DifferenceAlgorithmImpl", "src\Editor\Text\Impl\DifferenceAlgorithm\DifferenceAlgorithmImpl.csproj", "{F36E2228-0ABB-5D93-919B-F9B0A71AC186}"
EndProject
Project("{FAE04EC0-301F-11D3-BF4B-00C04F79EFBC}") = "EditorOptionsImpl", "src\Editor\Text\Impl\EditorOptions\EditorOptionsImpl.csproj", "{FFF452E1-C88A-5481-BB60-5F2D81EA8CD0}"
EndProject
Project("{FAE04EC0-301F-11D3-BF4B-00C04F79EFBC}") = "EditorPrimitivesImpl", "src\Editor\Text\Impl\EditorPrimitives\EditorPrimitivesImpl.csproj", "{A8740D4A-6C05-548D-88D9-CAD8E756B20E}"
EndProject
Project("{FAE04EC0-301F-11D3-BF4B-00C04F79EFBC}") = "EditorOperationsImpl", "src\Editor\Text\Impl\EditorOperations\EditorOperationsImpl.csproj", "{3130DB38-F8AA-5ABD-8237-66988CA4B66B}"
EndProject
Project("{FAE04EC0-301F-11D3-BF4B-00C04F79EFBC}") = "ClassificationTypeImpl", "src\Editor\Text\Impl\ClassificationType\ClassificationTypeImpl.csproj", "{1E6EA3BC-75F1-5708-97EC-7FFA1E61941E}"
EndProject
Project("{FAE04EC0-301F-11D3-BF4B-00C04F79EFBC}") = "NavigationImpl", "src\Editor\Text\Impl\Navigation\NavigationImpl.csproj", "{8C34FEFB-06D8-5559-BFA3-514171281325}"
EndProject
Project("{FAE04EC0-301F-11D3-BF4B-00C04F79EFBC}") = "StandaloneUndoImpl", "src\Editor\Text\Impl\StandaloneUndo\StandaloneUndoImpl.csproj", "{C9A833EC-107D-5F96-906A-DEE43518FB18}"
EndProject
Project("{FAE04EC0-301F-11D3-BF4B-00C04F79EFBC}") = "TextModelImpl", "src\Editor\Text\Impl\TextModel\TextModelImpl.csproj", "{1E9081AB-DA57-5A98-82C6-7704040940AF}"
EndProject
Project("{FAE04EC0-301F-11D3-BF4B-00C04F79EFBC}") = "MultiCaretImpl", "src\Editor\Text\Impl\XPlat\MultiCaretImpl\MultiCaretImpl.csproj", "{FA1C9CCF-BE1F-5554-AC36-E55297A07775}"
EndProject
Project("{FAE04EC0-301F-11D3-BF4B-00C04F79EFBC}") = "LanguageUtil", "src\Editor\Language\Util\LanguageUtil\LanguageUtil.csproj", "{E56636D5-1E6E-52B3-BEB5-11207293AE22}"
EndProject
Project("{FAE04EC0-301F-11D3-BF4B-00C04F79EFBC}") = "LanguageImpl", "src\Editor\Language\Impl\Language\LanguageImpl.csproj", "{6C8F77ED-8258-501A-B5D4-4E8F5ED378C4}"
EndProject
Project("{FAE04EC0-301F-11D3-BF4B-00C04F79EFBC}") = "CommandingImpl", "src\Editor\Text\Impl\Commanding\CommandingImpl.csproj", "{ED3EA28C-3C37-5233-A975-721A152A109D}"
EndProject
Project("{FAE04EC0-301F-11D3-BF4B-00C04F79EFBC}") = "Outlining", "src\Editor\Text\Impl\Outlining\Outlining.csproj", "{AA6E4924-8965-5007-AA82-54B1CE2B18AC}"
EndProject
Project("{FAE04EC0-301F-11D3-BF4B-00C04F79EFBC}") = "PatternMatchingImpl", "src\Editor\Text\Impl\PatternMatching\PatternMatchingImpl.csproj", "{E3E20ABF-9920-59BD-AA5B-96DC69D5382F}"
EndProject
Project("{FAE04EC0-301F-11D3-BF4B-00C04F79EFBC}") = "Extras", "src\Editor\Text\Def\Extras\Extras.csproj", "{D7E391EB-6FB6-50EA-AE0F-B5BF16DDA6BE}"
EndProject
Project("{2150E333-8FDC-42A3-9474-1A3956D46DE8}") = "Cocoa", "Cocoa", "{241B6E05-F129-5ACA-8594-3EB04CFACE1C}"
EndProject
Project("{FAE04EC0-301F-11D3-BF4B-00C04F79EFBC}") = "TextUICocoa", "src\Editor\Text\Def\TextUICocoa\TextUICocoa.csproj", "{E75466D3-CC61-5625-99AC-278C0049BFFD}"
EndProject
Global
	GlobalSection(SolutionConfigurationPlatforms) = preSolution
		macOS|Any CPU = macOS|Any CPU
		Windows|Any CPU = Windows|Any CPU
	EndGlobalSection
	GlobalSection(SolutionProperties) = preSolution
		HideSolutionNode = FALSE
	EndGlobalSection
	GlobalSection(ProjectConfigurationPlatforms) = postSolution
		{522016EE-7098-5C37-844E-297AEDDEE1B4}.macOS|Any CPU.ActiveCfg = Debug|Any CPU
		{522016EE-7098-5C37-844E-297AEDDEE1B4}.macOS|Any CPU.Build.0 = Debug|Any CPU
		{A1D6A6EC-B9A2-518C-8358-298CD775D2B5}.macOS|Any CPU.ActiveCfg = Debug|Any CPU
		{A1D6A6EC-B9A2-518C-8358-298CD775D2B5}.macOS|Any CPU.Build.0 = Debug|Any CPU
		{AE3666FC-31FA-5EBF-8ED5-0CEF50186B67}.macOS|Any CPU.ActiveCfg = Debug|Any CPU
		{AE3666FC-31FA-5EBF-8ED5-0CEF50186B67}.macOS|Any CPU.Build.0 = Debug|Any CPU
		{0E73055E-9DCB-554A-935B-60C223D82B83}.macOS|Any CPU.ActiveCfg = Debug|Any CPU
		{0E73055E-9DCB-554A-935B-60C223D82B83}.macOS|Any CPU.Build.0 = Debug|Any CPU
		{1C53C421-EAB4-5104-BEA1-164D09E40C54}.macOS|Any CPU.ActiveCfg = Debug|Any CPU
		{1C53C421-EAB4-5104-BEA1-164D09E40C54}.macOS|Any CPU.Build.0 = Debug|Any CPU
		{F26AC124-3EB5-5DA2-AE13-51904AFBFB70}.macOS|Any CPU.ActiveCfg = Debug|Any CPU
		{F26AC124-3EB5-5DA2-AE13-51904AFBFB70}.macOS|Any CPU.Build.0 = Debug|Any CPU
		{079AB40D-EBFB-556E-AC42-1FE65D0E0327}.macOS|Any CPU.ActiveCfg = Debug|Any CPU
		{079AB40D-EBFB-556E-AC42-1FE65D0E0327}.macOS|Any CPU.Build.0 = Debug|Any CPU
		{079AB40D-EBFB-556E-AC42-1FE65D0E0327}.Windows|Any CPU.ActiveCfg = Debug|Any CPU
		{079AB40D-EBFB-556E-AC42-1FE65D0E0327}.Windows|Any CPU.Build.0 = Debug|Any CPU
		{58999311-75E2-5099-856C-CAEE5CD13240}.macOS|Any CPU.ActiveCfg = Debug|Any CPU
		{58999311-75E2-5099-856C-CAEE5CD13240}.macOS|Any CPU.Build.0 = Debug|Any CPU
		{58999311-75E2-5099-856C-CAEE5CD13240}.Windows|Any CPU.ActiveCfg = Debug|Any CPU
		{58999311-75E2-5099-856C-CAEE5CD13240}.Windows|Any CPU.Build.0 = Debug|Any CPU
		{43DA95BB-5CAE-5E28-8DE1-64CB45E4396C}.macOS|Any CPU.ActiveCfg = Debug|Any CPU
		{43DA95BB-5CAE-5E28-8DE1-64CB45E4396C}.macOS|Any CPU.Build.0 = Debug|Any CPU
		{43DA95BB-5CAE-5E28-8DE1-64CB45E4396C}.Windows|Any CPU.ActiveCfg = Debug|Any CPU
		{43DA95BB-5CAE-5E28-8DE1-64CB45E4396C}.Windows|Any CPU.Build.0 = Debug|Any CPU
		{4A320450-5D4A-552B-9D33-4BB1FF841D95}.macOS|Any CPU.ActiveCfg = Debug|Any CPU
		{4A320450-5D4A-552B-9D33-4BB1FF841D95}.macOS|Any CPU.Build.0 = Debug|Any CPU
		{4A320450-5D4A-552B-9D33-4BB1FF841D95}.Windows|Any CPU.ActiveCfg = Debug|Any CPU
		{4A320450-5D4A-552B-9D33-4BB1FF841D95}.Windows|Any CPU.Build.0 = Debug|Any CPU
		{930FF802-57C2-519E-B2B3-C68CF7B8672E}.macOS|Any CPU.ActiveCfg = Debug|Any CPU
		{930FF802-57C2-519E-B2B3-C68CF7B8672E}.macOS|Any CPU.Build.0 = Debug|Any CPU
		{930FF802-57C2-519E-B2B3-C68CF7B8672E}.Windows|Any CPU.ActiveCfg = Debug|Any CPU
		{930FF802-57C2-519E-B2B3-C68CF7B8672E}.Windows|Any CPU.Build.0 = Debug|Any CPU
		{F837FA63-028D-5780-8459-B9B92894B9EA}.macOS|Any CPU.ActiveCfg = Debug|Any CPU
		{F837FA63-028D-5780-8459-B9B92894B9EA}.macOS|Any CPU.Build.0 = Debug|Any CPU
		{F837FA63-028D-5780-8459-B9B92894B9EA}.Windows|Any CPU.ActiveCfg = Debug|Any CPU
		{F837FA63-028D-5780-8459-B9B92894B9EA}.Windows|Any CPU.Build.0 = Debug|Any CPU
		{6308AAB7-9DF7-5C7B-8FF5-AA25FDFA642C}.macOS|Any CPU.ActiveCfg = Debug|Any CPU
		{6308AAB7-9DF7-5C7B-8FF5-AA25FDFA642C}.macOS|Any CPU.Build.0 = Debug|Any CPU
		{6308AAB7-9DF7-5C7B-8FF5-AA25FDFA642C}.Windows|Any CPU.ActiveCfg = Debug|Any CPU
		{6308AAB7-9DF7-5C7B-8FF5-AA25FDFA642C}.Windows|Any CPU.Build.0 = Debug|Any CPU
		{9A603430-A2C1-5599-AECB-1E1A5C229DFE}.macOS|Any CPU.ActiveCfg = Debug|Any CPU
		{9A603430-A2C1-5599-AECB-1E1A5C229DFE}.macOS|Any CPU.Build.0 = Debug|Any CPU
		{9A603430-A2C1-5599-AECB-1E1A5C229DFE}.Windows|Any CPU.ActiveCfg = Debug|Any CPU
		{9A603430-A2C1-5599-AECB-1E1A5C229DFE}.Windows|Any CPU.Build.0 = Debug|Any CPU
		{B5F433E1-F4DB-5EBC-8CB7-E3F39E6628C4}.macOS|Any CPU.ActiveCfg = Debug|Any CPU
		{B5F433E1-F4DB-5EBC-8CB7-E3F39E6628C4}.macOS|Any CPU.Build.0 = Debug|Any CPU
		{B5F433E1-F4DB-5EBC-8CB7-E3F39E6628C4}.Windows|Any CPU.ActiveCfg = Debug|Any CPU
		{B5F433E1-F4DB-5EBC-8CB7-E3F39E6628C4}.Windows|Any CPU.Build.0 = Debug|Any CPU
		{2A67004F-832D-5D47-AA7D-26D1548EBB88}.macOS|Any CPU.ActiveCfg = Debug|Any CPU
		{2A67004F-832D-5D47-AA7D-26D1548EBB88}.macOS|Any CPU.Build.0 = Debug|Any CPU
		{2A67004F-832D-5D47-AA7D-26D1548EBB88}.Windows|Any CPU.ActiveCfg = Debug|Any CPU
		{2A67004F-832D-5D47-AA7D-26D1548EBB88}.Windows|Any CPU.Build.0 = Debug|Any CPU
		{B2040CA1-C6E3-5D44-89A2-6C1BE936184D}.macOS|Any CPU.ActiveCfg = Debug|Any CPU
		{B2040CA1-C6E3-5D44-89A2-6C1BE936184D}.macOS|Any CPU.Build.0 = Debug|Any CPU
		{B2040CA1-C6E3-5D44-89A2-6C1BE936184D}.Windows|Any CPU.ActiveCfg = Debug|Any CPU
		{B2040CA1-C6E3-5D44-89A2-6C1BE936184D}.Windows|Any CPU.Build.0 = Debug|Any CPU
		{34D4D478-647E-509E-9B2F-7E11FAE15C73}.macOS|Any CPU.ActiveCfg = Debug|Any CPU
		{34D4D478-647E-509E-9B2F-7E11FAE15C73}.macOS|Any CPU.Build.0 = Debug|Any CPU
		{34D4D478-647E-509E-9B2F-7E11FAE15C73}.Windows|Any CPU.ActiveCfg = Debug|Any CPU
		{34D4D478-647E-509E-9B2F-7E11FAE15C73}.Windows|Any CPU.Build.0 = Debug|Any CPU
		{4F556838-7D8A-542A-A886-3AF972665C3A}.macOS|Any CPU.ActiveCfg = Debug|Any CPU
		{4F556838-7D8A-542A-A886-3AF972665C3A}.macOS|Any CPU.Build.0 = Debug|Any CPU
		{4F556838-7D8A-542A-A886-3AF972665C3A}.Windows|Any CPU.ActiveCfg = Debug|Any CPU
		{4F556838-7D8A-542A-A886-3AF972665C3A}.Windows|Any CPU.Build.0 = Debug|Any CPU
		{E6518A68-6309-5458-8E15-B65A391CE8A8}.macOS|Any CPU.ActiveCfg = Debug|Any CPU
		{E6518A68-6309-5458-8E15-B65A391CE8A8}.macOS|Any CPU.Build.0 = Debug|Any CPU
		{E6518A68-6309-5458-8E15-B65A391CE8A8}.Windows|Any CPU.ActiveCfg = Debug|Any CPU
		{E6518A68-6309-5458-8E15-B65A391CE8A8}.Windows|Any CPU.Build.0 = Debug|Any CPU
		{D559AC50-50B5-5C97-8F18-CA5581B16266}.macOS|Any CPU.ActiveCfg = Debug|Any CPU
		{D559AC50-50B5-5C97-8F18-CA5581B16266}.macOS|Any CPU.Build.0 = Debug|Any CPU
		{D559AC50-50B5-5C97-8F18-CA5581B16266}.Windows|Any CPU.ActiveCfg = Debug|Any CPU
		{D559AC50-50B5-5C97-8F18-CA5581B16266}.Windows|Any CPU.Build.0 = Debug|Any CPU
		{B1374407-B888-5E5C-8413-79E4F3440D61}.macOS|Any CPU.ActiveCfg = Debug|Any CPU
		{B1374407-B888-5E5C-8413-79E4F3440D61}.macOS|Any CPU.Build.0 = Debug|Any CPU
		{B1374407-B888-5E5C-8413-79E4F3440D61}.Windows|Any CPU.ActiveCfg = Debug|Any CPU
		{B1374407-B888-5E5C-8413-79E4F3440D61}.Windows|Any CPU.Build.0 = Debug|Any CPU
		{9BF90695-9B58-5D2F-96DD-57B0C43B2D5D}.macOS|Any CPU.ActiveCfg = Debug|Any CPU
		{9BF90695-9B58-5D2F-96DD-57B0C43B2D5D}.macOS|Any CPU.Build.0 = Debug|Any CPU
		{9BF90695-9B58-5D2F-96DD-57B0C43B2D5D}.Windows|Any CPU.ActiveCfg = Debug|Any CPU
		{9BF90695-9B58-5D2F-96DD-57B0C43B2D5D}.Windows|Any CPU.Build.0 = Debug|Any CPU
		{47D4821C-121E-5886-8127-A13580FE508C}.macOS|Any CPU.ActiveCfg = Debug|Any CPU
		{47D4821C-121E-5886-8127-A13580FE508C}.macOS|Any CPU.Build.0 = Debug|Any CPU
		{47D4821C-121E-5886-8127-A13580FE508C}.Windows|Any CPU.ActiveCfg = Debug|Any CPU
		{47D4821C-121E-5886-8127-A13580FE508C}.Windows|Any CPU.Build.0 = Debug|Any CPU
		{F36E2228-0ABB-5D93-919B-F9B0A71AC186}.macOS|Any CPU.ActiveCfg = Debug|Any CPU
		{F36E2228-0ABB-5D93-919B-F9B0A71AC186}.macOS|Any CPU.Build.0 = Debug|Any CPU
		{F36E2228-0ABB-5D93-919B-F9B0A71AC186}.Windows|Any CPU.ActiveCfg = Debug|Any CPU
		{F36E2228-0ABB-5D93-919B-F9B0A71AC186}.Windows|Any CPU.Build.0 = Debug|Any CPU
		{FFF452E1-C88A-5481-BB60-5F2D81EA8CD0}.macOS|Any CPU.ActiveCfg = Debug|Any CPU
		{FFF452E1-C88A-5481-BB60-5F2D81EA8CD0}.macOS|Any CPU.Build.0 = Debug|Any CPU
		{FFF452E1-C88A-5481-BB60-5F2D81EA8CD0}.Windows|Any CPU.ActiveCfg = Debug|Any CPU
		{FFF452E1-C88A-5481-BB60-5F2D81EA8CD0}.Windows|Any CPU.Build.0 = Debug|Any CPU
		{A8740D4A-6C05-548D-88D9-CAD8E756B20E}.macOS|Any CPU.ActiveCfg = Debug|Any CPU
		{A8740D4A-6C05-548D-88D9-CAD8E756B20E}.macOS|Any CPU.Build.0 = Debug|Any CPU
		{A8740D4A-6C05-548D-88D9-CAD8E756B20E}.Windows|Any CPU.ActiveCfg = Debug|Any CPU
		{A8740D4A-6C05-548D-88D9-CAD8E756B20E}.Windows|Any CPU.Build.0 = Debug|Any CPU
		{3130DB38-F8AA-5ABD-8237-66988CA4B66B}.macOS|Any CPU.ActiveCfg = Debug|Any CPU
		{3130DB38-F8AA-5ABD-8237-66988CA4B66B}.macOS|Any CPU.Build.0 = Debug|Any CPU
		{3130DB38-F8AA-5ABD-8237-66988CA4B66B}.Windows|Any CPU.ActiveCfg = Debug|Any CPU
		{3130DB38-F8AA-5ABD-8237-66988CA4B66B}.Windows|Any CPU.Build.0 = Debug|Any CPU
		{1E6EA3BC-75F1-5708-97EC-7FFA1E61941E}.macOS|Any CPU.ActiveCfg = Debug|Any CPU
		{1E6EA3BC-75F1-5708-97EC-7FFA1E61941E}.macOS|Any CPU.Build.0 = Debug|Any CPU
		{1E6EA3BC-75F1-5708-97EC-7FFA1E61941E}.Windows|Any CPU.ActiveCfg = Debug|Any CPU
		{1E6EA3BC-75F1-5708-97EC-7FFA1E61941E}.Windows|Any CPU.Build.0 = Debug|Any CPU
		{8C34FEFB-06D8-5559-BFA3-514171281325}.macOS|Any CPU.ActiveCfg = Debug|Any CPU
		{8C34FEFB-06D8-5559-BFA3-514171281325}.macOS|Any CPU.Build.0 = Debug|Any CPU
		{8C34FEFB-06D8-5559-BFA3-514171281325}.Windows|Any CPU.ActiveCfg = Debug|Any CPU
		{8C34FEFB-06D8-5559-BFA3-514171281325}.Windows|Any CPU.Build.0 = Debug|Any CPU
		{C9A833EC-107D-5F96-906A-DEE43518FB18}.macOS|Any CPU.ActiveCfg = Debug|Any CPU
		{C9A833EC-107D-5F96-906A-DEE43518FB18}.macOS|Any CPU.Build.0 = Debug|Any CPU
		{C9A833EC-107D-5F96-906A-DEE43518FB18}.Windows|Any CPU.ActiveCfg = Debug|Any CPU
		{C9A833EC-107D-5F96-906A-DEE43518FB18}.Windows|Any CPU.Build.0 = Debug|Any CPU
		{1E9081AB-DA57-5A98-82C6-7704040940AF}.macOS|Any CPU.ActiveCfg = Debug|Any CPU
		{1E9081AB-DA57-5A98-82C6-7704040940AF}.macOS|Any CPU.Build.0 = Debug|Any CPU
		{1E9081AB-DA57-5A98-82C6-7704040940AF}.Windows|Any CPU.ActiveCfg = Debug|Any CPU
		{1E9081AB-DA57-5A98-82C6-7704040940AF}.Windows|Any CPU.Build.0 = Debug|Any CPU
		{FA1C9CCF-BE1F-5554-AC36-E55297A07775}.macOS|Any CPU.ActiveCfg = Debug|Any CPU
		{FA1C9CCF-BE1F-5554-AC36-E55297A07775}.macOS|Any CPU.Build.0 = Debug|Any CPU
		{FA1C9CCF-BE1F-5554-AC36-E55297A07775}.Windows|Any CPU.ActiveCfg = Debug|Any CPU
		{FA1C9CCF-BE1F-5554-AC36-E55297A07775}.Windows|Any CPU.Build.0 = Debug|Any CPU
		{E56636D5-1E6E-52B3-BEB5-11207293AE22}.macOS|Any CPU.ActiveCfg = Debug|Any CPU
		{E56636D5-1E6E-52B3-BEB5-11207293AE22}.macOS|Any CPU.Build.0 = Debug|Any CPU
		{E56636D5-1E6E-52B3-BEB5-11207293AE22}.Windows|Any CPU.ActiveCfg = Debug|Any CPU
		{E56636D5-1E6E-52B3-BEB5-11207293AE22}.Windows|Any CPU.Build.0 = Debug|Any CPU
		{6C8F77ED-8258-501A-B5D4-4E8F5ED378C4}.macOS|Any CPU.ActiveCfg = Debug|Any CPU
		{6C8F77ED-8258-501A-B5D4-4E8F5ED378C4}.macOS|Any CPU.Build.0 = Debug|Any CPU
		{6C8F77ED-8258-501A-B5D4-4E8F5ED378C4}.Windows|Any CPU.ActiveCfg = Debug|Any CPU
		{6C8F77ED-8258-501A-B5D4-4E8F5ED378C4}.Windows|Any CPU.Build.0 = Debug|Any CPU
		{ED3EA28C-3C37-5233-A975-721A152A109D}.macOS|Any CPU.ActiveCfg = Debug|Any CPU
		{ED3EA28C-3C37-5233-A975-721A152A109D}.macOS|Any CPU.Build.0 = Debug|Any CPU
		{ED3EA28C-3C37-5233-A975-721A152A109D}.Windows|Any CPU.ActiveCfg = Debug|Any CPU
		{ED3EA28C-3C37-5233-A975-721A152A109D}.Windows|Any CPU.Build.0 = Debug|Any CPU
		{AA6E4924-8965-5007-AA82-54B1CE2B18AC}.macOS|Any CPU.ActiveCfg = Debug|Any CPU
		{AA6E4924-8965-5007-AA82-54B1CE2B18AC}.macOS|Any CPU.Build.0 = Debug|Any CPU
		{AA6E4924-8965-5007-AA82-54B1CE2B18AC}.Windows|Any CPU.ActiveCfg = Debug|Any CPU
		{AA6E4924-8965-5007-AA82-54B1CE2B18AC}.Windows|Any CPU.Build.0 = Debug|Any CPU
		{E3E20ABF-9920-59BD-AA5B-96DC69D5382F}.macOS|Any CPU.ActiveCfg = Debug|Any CPU
		{E3E20ABF-9920-59BD-AA5B-96DC69D5382F}.macOS|Any CPU.Build.0 = Debug|Any CPU
		{E3E20ABF-9920-59BD-AA5B-96DC69D5382F}.Windows|Any CPU.ActiveCfg = Debug|Any CPU
		{E3E20ABF-9920-59BD-AA5B-96DC69D5382F}.Windows|Any CPU.Build.0 = Debug|Any CPU
		{D7E391EB-6FB6-50EA-AE0F-B5BF16DDA6BE}.macOS|Any CPU.ActiveCfg = Debug|Any CPU
		{D7E391EB-6FB6-50EA-AE0F-B5BF16DDA6BE}.macOS|Any CPU.Build.0 = Debug|Any CPU
		{D7E391EB-6FB6-50EA-AE0F-B5BF16DDA6BE}.Windows|Any CPU.ActiveCfg = Debug|Any CPU
		{D7E391EB-6FB6-50EA-AE0F-B5BF16DDA6BE}.Windows|Any CPU.Build.0 = Debug|Any CPU
		{E75466D3-CC61-5625-99AC-278C0049BFFD}.macOS|Any CPU.ActiveCfg = Debug|Any CPU
		{E75466D3-CC61-5625-99AC-278C0049BFFD}.macOS|Any CPU.Build.0 = Debug|Any CPU
	EndGlobalSection
	GlobalSection(NestedProjects) = preSolution
		{522016EE-7098-5C37-844E-297AEDDEE1B4} = {01986EB1-3128-5838-B09A-7754A44C22CE}
		{A1D6A6EC-B9A2-518C-8358-298CD775D2B5} = {01986EB1-3128-5838-B09A-7754A44C22CE}
		{AE3666FC-31FA-5EBF-8ED5-0CEF50186B67} = {01986EB1-3128-5838-B09A-7754A44C22CE}
		{0E73055E-9DCB-554A-935B-60C223D82B83} = {01986EB1-3128-5838-B09A-7754A44C22CE}
		{1C53C421-EAB4-5104-BEA1-164D09E40C54} = {01986EB1-3128-5838-B09A-7754A44C22CE}
		{F26AC124-3EB5-5DA2-AE13-51904AFBFB70} = {01986EB1-3128-5838-B09A-7754A44C22CE}
		{079AB40D-EBFB-556E-AC42-1FE65D0E0327} = {B525706C-3E93-5FB8-A585-26B448C5AAFE}
		{58999311-75E2-5099-856C-CAEE5CD13240} = {B525706C-3E93-5FB8-A585-26B448C5AAFE}
		{43DA95BB-5CAE-5E28-8DE1-64CB45E4396C} = {B525706C-3E93-5FB8-A585-26B448C5AAFE}
		{4A320450-5D4A-552B-9D33-4BB1FF841D95} = {B525706C-3E93-5FB8-A585-26B448C5AAFE}
		{930FF802-57C2-519E-B2B3-C68CF7B8672E} = {B525706C-3E93-5FB8-A585-26B448C5AAFE}
		{F837FA63-028D-5780-8459-B9B92894B9EA} = {B525706C-3E93-5FB8-A585-26B448C5AAFE}
		{6308AAB7-9DF7-5C7B-8FF5-AA25FDFA642C} = {B525706C-3E93-5FB8-A585-26B448C5AAFE}
		{9A603430-A2C1-5599-AECB-1E1A5C229DFE} = {B525706C-3E93-5FB8-A585-26B448C5AAFE}
		{B5F433E1-F4DB-5EBC-8CB7-E3F39E6628C4} = {B525706C-3E93-5FB8-A585-26B448C5AAFE}
		{2A67004F-832D-5D47-AA7D-26D1548EBB88} = {B525706C-3E93-5FB8-A585-26B448C5AAFE}
		{B2040CA1-C6E3-5D44-89A2-6C1BE936184D} = {B525706C-3E93-5FB8-A585-26B448C5AAFE}
		{34D4D478-647E-509E-9B2F-7E11FAE15C73} = {B525706C-3E93-5FB8-A585-26B448C5AAFE}
		{4F556838-7D8A-542A-A886-3AF972665C3A} = {B525706C-3E93-5FB8-A585-26B448C5AAFE}
		{E6518A68-6309-5458-8E15-B65A391CE8A8} = {B525706C-3E93-5FB8-A585-26B448C5AAFE}
		{D559AC50-50B5-5C97-8F18-CA5581B16266} = {B525706C-3E93-5FB8-A585-26B448C5AAFE}
		{B1374407-B888-5E5C-8413-79E4F3440D61} = {B525706C-3E93-5FB8-A585-26B448C5AAFE}
		{9BF90695-9B58-5D2F-96DD-57B0C43B2D5D} = {B525706C-3E93-5FB8-A585-26B448C5AAFE}
		{47D4821C-121E-5886-8127-A13580FE508C} = {B525706C-3E93-5FB8-A585-26B448C5AAFE}
		{F36E2228-0ABB-5D93-919B-F9B0A71AC186} = {B525706C-3E93-5FB8-A585-26B448C5AAFE}
		{FFF452E1-C88A-5481-BB60-5F2D81EA8CD0} = {B525706C-3E93-5FB8-A585-26B448C5AAFE}
		{A8740D4A-6C05-548D-88D9-CAD8E756B20E} = {B525706C-3E93-5FB8-A585-26B448C5AAFE}
		{3130DB38-F8AA-5ABD-8237-66988CA4B66B} = {B525706C-3E93-5FB8-A585-26B448C5AAFE}
		{1E6EA3BC-75F1-5708-97EC-7FFA1E61941E} = {B525706C-3E93-5FB8-A585-26B448C5AAFE}
		{8C34FEFB-06D8-5559-BFA3-514171281325} = {B525706C-3E93-5FB8-A585-26B448C5AAFE}
		{C9A833EC-107D-5F96-906A-DEE43518FB18} = {B525706C-3E93-5FB8-A585-26B448C5AAFE}
		{1E9081AB-DA57-5A98-82C6-7704040940AF} = {B525706C-3E93-5FB8-A585-26B448C5AAFE}
		{FA1C9CCF-BE1F-5554-AC36-E55297A07775} = {B525706C-3E93-5FB8-A585-26B448C5AAFE}
		{E56636D5-1E6E-52B3-BEB5-11207293AE22} = {B525706C-3E93-5FB8-A585-26B448C5AAFE}
		{6C8F77ED-8258-501A-B5D4-4E8F5ED378C4} = {B525706C-3E93-5FB8-A585-26B448C5AAFE}
		{ED3EA28C-3C37-5233-A975-721A152A109D} = {B525706C-3E93-5FB8-A585-26B448C5AAFE}
		{AA6E4924-8965-5007-AA82-54B1CE2B18AC} = {B525706C-3E93-5FB8-A585-26B448C5AAFE}
		{E3E20ABF-9920-59BD-AA5B-96DC69D5382F} = {B525706C-3E93-5FB8-A585-26B448C5AAFE}
		{D7E391EB-6FB6-50EA-AE0F-B5BF16DDA6BE} = {B525706C-3E93-5FB8-A585-26B448C5AAFE}
		{E75466D3-CC61-5625-99AC-278C0049BFFD} = {241B6E05-F129-5ACA-8594-3EB04CFACE1C}
	EndGlobalSection
EndGlobal
